
Microsoft Visual Studio Solution File, Format Version 12.00
# Visual Studio Version 17
VisualStudioVersion = 17.8.34330.188
MinimumVisualStudioVersion = 10.0.40219.1
Project("{FAE04EC0-301F-11D3-BF4B-00C04F79EFBC}") = "SalesWebMvc", "SalesWebMvc\SalesWebMvc.csproj", "{3732175C-924F-4055-8BBE-44ACA8BB11D9}"
EndProject
Global
	GlobalSection(SolutionConfigurationPlatforms) = preSolution
		Debug|Any CPU = Debug|Any CPU
		Release|Any CPU = Release|Any CPU
	EndGlobalSection
	GlobalSection(ProjectConfigurationPlatforms) = postSolution
		{3732175C-924F-4055-8BBE-44ACA8BB11D9}.Debug|Any CPU.ActiveCfg = Debug|Any CPU
		{3732175C-924F-4055-8BBE-44ACA8BB11D9}.Debug|Any CPU.Build.0 = Debug|Any CPU
		{3732175C-924F-4055-8BBE-44ACA8BB11D9}.Release|Any CPU.ActiveCfg = Release|Any CPU
		{3732175C-924F-4055-8BBE-44ACA8BB11D9}.Release|Any CPU.Build.0 = Release|Any CPU
	EndGlobalSection
	GlobalSection(SolutionProperties) = preSolution
		HideSolutionNode = FALSE
	EndGlobalSection
	GlobalSection(ExtensibilityGlobals) = postSolution
		SolutionGuid = {BF47ADFE-2C96-4CBC-8322-6C41DA65CA9E}
	EndGlobalSection
EndGlobal
